
Microsoft Visual Studio Solution File, Format Version 12.00
# Visual Studio Version 16
VisualStudioVersion = 16.0.31402.337
MinimumVisualStudioVersion = 10.0.40219.1
Project("{FAE04EC0-301F-11D3-BF4B-00C04F79EFBC}") = "ProyectFercejor", "ProyectFercejor\ProyectFercejor.csproj", "{BE71BEDA-0466-4457-8FD0-E576E01DD37B}"
EndProject
Global
	GlobalSection(SolutionConfigurationPlatforms) = preSolution
		Debug|Any CPU = Debug|Any CPU
		Release|Any CPU = Release|Any CPU
	EndGlobalSection
	GlobalSection(ProjectConfigurationPlatforms) = postSolution
		{BE71BEDA-0466-4457-8FD0-E576E01DD37B}.Debug|Any CPU.ActiveCfg = Debug|Any CPU
		{BE71BEDA-0466-4457-8FD0-E576E01DD37B}.Debug|Any CPU.Build.0 = Debug|Any CPU
		{BE71BEDA-0466-4457-8FD0-E576E01DD37B}.Release|Any CPU.ActiveCfg = Release|Any CPU
		{BE71BEDA-0466-4457-8FD0-E576E01DD37B}.Release|Any CPU.Build.0 = Release|Any CPU
	EndGlobalSection
	GlobalSection(SolutionProperties) = preSolution
		HideSolutionNode = FALSE
	EndGlobalSection
	GlobalSection(ExtensibilityGlobals) = postSolution
		SolutionGuid = {1EE3172A-0993-44CA-B4B9-CC5B2CE908B3}
	EndGlobalSection
EndGlobal
